Microsoft Visual Studio Solution File, Format Version 7.00
Project("{F184B08F-C81C-45F6-A57F-5ABD9991F28F}") = "counter", "counter.vbproj", "{0C3EB3CE-942F-4D7E-854E-1BC04D05C944}"
EndProject
Global
	GlobalSection(SolutionConfiguration) = preSolution
		ConfigName.0 = Debug
		ConfigName.1 = Release
	EndGlobalSection
	GlobalSection(ProjectDependencies) = postSolution
	EndGlobalSection
	GlobalSection(ProjectConfiguration) = postSolution
		{0C3EB3CE-942F-4D7E-854E-1BC04D05C944}.Debug.ActiveCfg = Debug|.NET
		{0C3EB3CE-942F-4D7E-854E-1BC04D05C944}.Debug.Build.0 = Debug|.NET
		{0C3EB3CE-942F-4D7E-854E-1BC04D05C944}.Release.ActiveCfg = Release|.NET
		{0C3EB3CE-942F-4D7E-854E-1BC04D05C944}.Release.Build.0 = Release|.NET
	EndGlobalSection
	GlobalSection(ExtensibilityGlobals) = postSolution
	EndGlobalSection
	GlobalSection(ExtensibilityAddIns) = postSolution
	EndGlobalSection
EndGlobal
